github.com/bi-zone/go-ole v1.2.5-0.20200602120701-abfd2bd8745d h1:xIWlLZLWOkBR+h1Oh+Cg4Iv8IPZbEUiv46Ds+J1Dveo=
github.com/bi-zone/go-ole v1.2.5-0.20200602120701-abfd2bd8745d/go.mod h1:pprOEPIfldk/42T2oK7lQ4v4JSDwmV0As9GaiUsvbm0=
github.com/hashicorp/errwrap v1.0.0 h1:hLrqtEDnRye3+sgx6z4qVLNuviH3MR5aQ0ykNJa/UYA=
github.com/hashicorp/errwrap v1.0.0/go.mod h1:YH+1FKiLXxHSkmPseP+kNlulaMuP3n2brvKWEqk/Jc4=
github.com/hashicorp/go-multierror v1.0.0 h1:iVjPR7a6H0tWELX5NxNe7bYopibicUzc7uPribsnS6o=
github.com/hashicorp/go-multierror v1.0.0/go.mod h1:dHtQlpGsu+cZNNAkkCN/P3hoUDHhCYQXV3UM06sGGrk=
github.com/scjalliance/comshim v0.0.0-20190308082608-cf06d2532c4e h1:+/AzLkOdIXEPrAQtwAeWOBnPQ0BnYlBW0aCZmSb47u4=
github.com/scjalliance/comshim v0.0.0-20190308082608-cf06d2532c4e/go.mod h1:9Tc1SKnfACJb9N7cw2eyuI6xzy845G7uZONBsi5uPEA=
golang.org/x/sys v0.0.0-20190916202348-b4ddaad3f8a3 h1:7TYNF4UdlohbFwpNH04CoPMp1cHUZgO1Ebq5r2hIjfo=
golang.org/x/sys v0.0.0-20190916202348-b4ddaad3f8a3/go.mod h1:h1NjWce9XRLGQEsW7wpKNCjG9DtNlClVuFLEZdDNbEs=
